
Microsoft Visual Studio Solution File, Format Version 12.00
# Visual Studio Version 16
VisualStudioVersion = 16.6.30114.105
MinimumVisualStudioVersion = 10.0.40219.1
Project("{FAE04EC0-301F-11D3-BF4B-00C04F79EFBC}") = "DasCleverle.DcsExport.Listener", "DasCleverle.DcsExport.Listener\DasCleverle.DcsExport.Listener.csproj", "{5F2BDDB1-5384-4DC8-82AD-D89D91F65C79}"
EndProject
Project("{FAE04EC0-301F-11D3-BF4B-00C04F79EFBC}") = "DasCleverle.DcsExport.LiveMap", "DasCleverle.DcsExport.LiveMap\DasCleverle.DcsExport.LiveMap.csproj", "{02E4517A-2F83-40E9-8F44-C76B260144F5}"
EndProject
Project("{FAE04EC0-301F-11D3-BF4B-00C04F79EFBC}") = "DasCleverle.DcsExport.Extensibility", "DasCleverle.DcsExport.Extensibility\DasCleverle.DcsExport.Extensibility.csproj", "{869C1C7A-DB1F-401F-AAFD-28B3215426A7}"
EndProject
Global
	GlobalSection(SolutionProperties) = preSolution
		HideSolutionNode = FALSE
	EndGlobalSection
	GlobalSection(NestedProjects) = preSolution
	EndGlobalSection
	GlobalSection(SolutionConfigurationPlatforms) = preSolution
		Debug|Any CPU = Debug|Any CPU
		Debug|x64 = Debug|x64
		Debug|x86 = Debug|x86
		Release|Any CPU = Release|Any CPU
		Release|x64 = Release|x64
		Release|x86 = Release|x86
	EndGlobalSection
	GlobalSection(ProjectConfigurationPlatforms) = postSolution
		{5F2BDDB1-5384-4DC8-82AD-D89D91F65C79}.Debug|Any CPU.ActiveCfg = Debug|Any CPU
		{5F2BDDB1-5384-4DC8-82AD-D89D91F65C79}.Debug|Any CPU.Build.0 = Debug|Any CPU
		{5F2BDDB1-5384-4DC8-82AD-D89D91F65C79}.Debug|x64.ActiveCfg = Debug|Any CPU
		{5F2BDDB1-5384-4DC8-82AD-D89D91F65C79}.Debug|x64.Build.0 = Debug|Any CPU
		{5F2BDDB1-5384-4DC8-82AD-D89D91F65C79}.Debug|x86.ActiveCfg = Debug|Any CPU
		{5F2BDDB1-5384-4DC8-82AD-D89D91F65C79}.Debug|x86.Build.0 = Debug|Any CPU
		{5F2BDDB1-5384-4DC8-82AD-D89D91F65C79}.Release|Any CPU.ActiveCfg = Release|Any CPU
		{5F2BDDB1-5384-4DC8-82AD-D89D91F65C79}.Release|Any CPU.Build.0 = Release|Any CPU
		{5F2BDDB1-5384-4DC8-82AD-D89D91F65C79}.Release|x64.ActiveCfg = Release|Any CPU
		{5F2BDDB1-5384-4DC8-82AD-D89D91F65C79}.Release|x64.Build.0 = Release|Any CPU
		{5F2BDDB1-5384-4DC8-82AD-D89D91F65C79}.Release|x86.ActiveCfg = Release|Any CPU
		{5F2BDDB1-5384-4DC8-82AD-D89D91F65C79}.Release|x86.Build.0 = Release|Any CPU
		{02E4517A-2F83-40E9-8F44-C76B260144F5}.Debug|Any CPU.ActiveCfg = Debug|Any CPU
		{02E4517A-2F83-40E9-8F44-C76B260144F5}.Debug|Any CPU.Build.0 = Debug|Any CPU
		{02E4517A-2F83-40E9-8F44-C76B260144F5}.Debug|x64.ActiveCfg = Debug|Any CPU
		{02E4517A-2F83-40E9-8F44-C76B260144F5}.Debug|x64.Build.0 = Debug|Any CPU
		{02E4517A-2F83-40E9-8F44-C76B260144F5}.Debug|x86.ActiveCfg = Debug|Any CPU
		{02E4517A-2F83-40E9-8F44-C76B260144F5}.Debug|x86.Build.0 = Debug|Any CPU
		{02E4517A-2F83-40E9-8F44-C76B260144F5}.Release|Any CPU.ActiveCfg = Release|Any CPU
		{02E4517A-2F83-40E9-8F44-C76B260144F5}.Release|Any CPU.Build.0 = Release|Any CPU
		{02E4517A-2F83-40E9-8F44-C76B260144F5}.Release|x64.ActiveCfg = Release|Any CPU
		{02E4517A-2F83-40E9-8F44-C76B260144F5}.Release|x64.Build.0 = Release|Any CPU
		{02E4517A-2F83-40E9-8F44-C76B260144F5}.Release|x86.ActiveCfg = Release|Any CPU
		{02E4517A-2F83-40E9-8F44-C76B260144F5}.Release|x86.Build.0 = Release|Any CPU
		{869C1C7A-DB1F-401F-AAFD-28B3215426A7}.Debug|Any CPU.ActiveCfg = Debug|Any CPU
		{869C1C7A-DB1F-401F-AAFD-28B3215426A7}.Debug|Any CPU.Build.0 = Debug|Any CPU
		{869C1C7A-DB1F-401F-AAFD-28B3215426A7}.Debug|x64.ActiveCfg = Debug|Any CPU
		{869C1C7A-DB1F-401F-AAFD-28B3215426A7}.Debug|x64.Build.0 = Debug|Any CPU
		{869C1C7A-DB1F-401F-AAFD-28B3215426A7}.Debug|x86.ActiveCfg = Debug|Any CPU
		{869C1C7A-DB1F-401F-AAFD-28B3215426A7}.Debug|x86.Build.0 = Debug|Any CPU
		{869C1C7A-DB1F-401F-AAFD-28B3215426A7}.Release|Any CPU.ActiveCfg = Release|Any CPU
		{869C1C7A-DB1F-401F-AAFD-28B3215426A7}.Release|Any CPU.Build.0 = Release|Any CPU
		{869C1C7A-DB1F-401F-AAFD-28B3215426A7}.Release|x64.ActiveCfg = Release|Any CPU
		{869C1C7A-DB1F-401F-AAFD-28B3215426A7}.Release|x64.Build.0 = Release|Any CPU
		{869C1C7A-DB1F-401F-AAFD-28B3215426A7}.Release|x86.ActiveCfg = Release|Any CPU
		{869C1C7A-DB1F-401F-AAFD-28B3215426A7}.Release|x86.Build.0 = Release|Any CPU
	EndGlobalSection
EndGlobal
