
Microsoft Visual Studio Solution File, Format Version 12.00
# Visual Studio Version 16
VisualStudioVersion = 16.6.30114.105
MinimumVisualStudioVersion = 10.0.40219.1
Project("{2150E333-8FDC-42A3-9474-1A3956D46DE8}") = "src", "src", "{080F6264-762B-475C-A507-61D33538EE77}"
EndProject
Project("{FAE04EC0-301F-11D3-BF4B-00C04F79EFBC}") = "DasCleverle.DcsExport.Listener", "src\DasCleverle.DcsExport.Listener\DasCleverle.DcsExport.Listener.csproj", "{BC26482C-3D28-4FDF-B12E-116DB3E3E896}"
EndProject
Project("{FAE04EC0-301F-11D3-BF4B-00C04F79EFBC}") = "DasCleverle.DcsExport.LiveMap", "src\DasCleverle.DcsExport.LiveMap\DasCleverle.DcsExport.LiveMap.csproj", "{A8299D79-9EB1-400C-A14F-284D06D8A65D}"
EndProject
Global
	GlobalSection(SolutionConfigurationPlatforms) = preSolution
		Debug|Any CPU = Debug|Any CPU
		Debug|x64 = Debug|x64
		Debug|x86 = Debug|x86
		Release|Any CPU = Release|Any CPU
		Release|x64 = Release|x64
		Release|x86 = Release|x86
	EndGlobalSection
	GlobalSection(SolutionProperties) = preSolution
		HideSolutionNode = FALSE
	EndGlobalSection
	GlobalSection(ProjectConfigurationPlatforms) = postSolution
		{BC26482C-3D28-4FDF-B12E-116DB3E3E896}.Debug|Any CPU.ActiveCfg = Debug|Any CPU
		{BC26482C-3D28-4FDF-B12E-116DB3E3E896}.Debug|Any CPU.Build.0 = Debug|Any CPU
		{BC26482C-3D28-4FDF-B12E-116DB3E3E896}.Debug|x64.ActiveCfg = Debug|Any CPU
		{BC26482C-3D28-4FDF-B12E-116DB3E3E896}.Debug|x64.Build.0 = Debug|Any CPU
		{BC26482C-3D28-4FDF-B12E-116DB3E3E896}.Debug|x86.ActiveCfg = Debug|Any CPU
		{BC26482C-3D28-4FDF-B12E-116DB3E3E896}.Debug|x86.Build.0 = Debug|Any CPU
		{BC26482C-3D28-4FDF-B12E-116DB3E3E896}.Release|Any CPU.ActiveCfg = Release|Any CPU
		{BC26482C-3D28-4FDF-B12E-116DB3E3E896}.Release|Any CPU.Build.0 = Release|Any CPU
		{BC26482C-3D28-4FDF-B12E-116DB3E3E896}.Release|x64.ActiveCfg = Release|Any CPU
		{BC26482C-3D28-4FDF-B12E-116DB3E3E896}.Release|x64.Build.0 = Release|Any CPU
		{BC26482C-3D28-4FDF-B12E-116DB3E3E896}.Release|x86.ActiveCfg = Release|Any CPU
		{BC26482C-3D28-4FDF-B12E-116DB3E3E896}.Release|x86.Build.0 = Release|Any CPU
		{A8299D79-9EB1-400C-A14F-284D06D8A65D}.Debug|Any CPU.ActiveCfg = Debug|Any CPU
		{A8299D79-9EB1-400C-A14F-284D06D8A65D}.Debug|Any CPU.Build.0 = Debug|Any CPU
		{A8299D79-9EB1-400C-A14F-284D06D8A65D}.Debug|x64.ActiveCfg = Debug|Any CPU
		{A8299D79-9EB1-400C-A14F-284D06D8A65D}.Debug|x64.Build.0 = Debug|Any CPU
		{A8299D79-9EB1-400C-A14F-284D06D8A65D}.Debug|x86.ActiveCfg = Debug|Any CPU
		{A8299D79-9EB1-400C-A14F-284D06D8A65D}.Debug|x86.Build.0 = Debug|Any CPU
		{A8299D79-9EB1-400C-A14F-284D06D8A65D}.Release|Any CPU.ActiveCfg = Release|Any CPU
		{A8299D79-9EB1-400C-A14F-284D06D8A65D}.Release|Any CPU.Build.0 = Release|Any CPU
		{A8299D79-9EB1-400C-A14F-284D06D8A65D}.Release|x64.ActiveCfg = Release|Any CPU
		{A8299D79-9EB1-400C-A14F-284D06D8A65D}.Release|x64.Build.0 = Release|Any CPU
		{A8299D79-9EB1-400C-A14F-284D06D8A65D}.Release|x86.ActiveCfg = Release|Any CPU
		{A8299D79-9EB1-400C-A14F-284D06D8A65D}.Release|x86.Build.0 = Release|Any CPU
	EndGlobalSection
	GlobalSection(NestedProjects) = preSolution
		{BC26482C-3D28-4FDF-B12E-116DB3E3E896} = {080F6264-762B-475C-A507-61D33538EE77}
		{A8299D79-9EB1-400C-A14F-284D06D8A65D} = {080F6264-762B-475C-A507-61D33538EE77}
	EndGlobalSection
EndGlobal
