
Microsoft Visual Studio Solution File, Format Version 12.00
# Visual Studio Version 16
VisualStudioVersion = 16.6.30114.105
MinimumVisualStudioVersion = 10.0.40219.1
Project("{FAE04EC0-301F-11D3-BF4B-00C04F79EFBC}") = "DasCleverle.DcsExport.Listener", "server\Listener\DasCleverle.DcsExport.Listener\DasCleverle.DcsExport.Listener.csproj", "{5F2BDDB1-5384-4DC8-82AD-D89D91F65C79}"
EndProject
Project("{FAE04EC0-301F-11D3-BF4B-00C04F79EFBC}") = "DasCleverle.DcsExport.LiveMap", "server\App\DasCleverle.DcsExport.LiveMap\DasCleverle.DcsExport.LiveMap.csproj", "{02E4517A-2F83-40E9-8F44-C76B260144F5}"
EndProject
Project("{FAE04EC0-301F-11D3-BF4B-00C04F79EFBC}") = "DasCleverle.DcsExport.Extensibility", "server\Extensibility\DasCleverle.DcsExport.Extensibility\DasCleverle.DcsExport.Extensibility.csproj", "{869C1C7A-DB1F-401F-AAFD-28B3215426A7}"
EndProject
Project("{FAE04EC0-301F-11D3-BF4B-00C04F79EFBC}") = "DasCleverle.DcsExport.Listener.Abstractions", "server\Listener\DasCleverle.DcsExport.Listener.Abstractions\DasCleverle.DcsExport.Listener.Abstractions.csproj", "{0303DD58-3360-4717-9B59-EC6C38A88623}"
EndProject
Project("{FAE04EC0-301F-11D3-BF4B-00C04F79EFBC}") = "DasCleverle.DcsExport.Listener.Model", "server\Listener\DasCleverle.DcsExport.Listener.Model\DasCleverle.DcsExport.Listener.Model.csproj", "{DB6A5B00-866F-4CAB-ADCF-7734D629D25B}"
EndProject
Project("{FAE04EC0-301F-11D3-BF4B-00C04F79EFBC}") = "DasCleverle.DcsExport.Listener.Json", "server\Listener\DasCleverle.DcsExport.Listener.Json\DasCleverle.DcsExport.Listener.Json.csproj", "{CBA0CA5C-FD36-4396-BBB3-002AA9D72CE0}"
EndProject
Project("{FAE04EC0-301F-11D3-BF4B-00C04F79EFBC}") = "DasCleverle.DcsExport.State", "server\State\DasCleverle.DcsExport.State\DasCleverle.DcsExport.State.csproj", "{6AD7A68B-04C4-4430-B0DF-C4C2E9DAC4F1}"
EndProject
Project("{FAE04EC0-301F-11D3-BF4B-00C04F79EFBC}") = "DasCleverle.DcsExport.State.Abstractions", "server\State\DasCleverle.DcsExport.State.Abstractions\DasCleverle.DcsExport.State.Abstractions.csproj", "{A3BF3C75-6FB6-45BC-8A3A-7034A7F6F103}"
EndProject
Project("{FAE04EC0-301F-11D3-BF4B-00C04F79EFBC}") = "DasCleverle.DcsExport.Extensibility.Abstractions", "server\Extensibility\DasCleverle.DcsExport.Extensibility.Abstractions\DasCleverle.DcsExport.Extensibility.Abstractions.csproj", "{3749970D-2E37-4167-A444-382349FEB7D0}"
EndProject
Project("{FAE04EC0-301F-11D3-BF4B-00C04F79EFBC}") = "DasCleverle.DcsExport.TestExtension", "extensions\DasCleverle.DcsExport.TestExtension\DasCleverle.DcsExport.TestExtension.csproj", "{B2B41D6F-C745-45EA-BB46-EF9A3B1D5B54}"
EndProject
Project("{FAE04EC0-301F-11D3-BF4B-00C04F79EFBC}") = "DasCleverle.Mapbox", "lib\DasCleverle.Mapbox\DasCleverle.Mapbox.csproj", "{F1FC74DC-1E4A-4B9C-B4D1-5C093FBA0AA4}"
EndProject
Project("{FAE04EC0-301F-11D3-BF4B-00C04F79EFBC}") = "DasCleverle.GeoJson", "lib\DasCleverle.GeoJson\DasCleverle.GeoJson.csproj", "{5325D193-BB58-44F3-BAA9-9C89A25B286E}"
EndProject
Project("{FAE04EC0-301F-11D3-BF4B-00C04F79EFBC}") = "DasCleverle.DcsExport.Client.Abstractions", "server\Client\DasCleverle.DcsExport.Client.Abstractions\DasCleverle.DcsExport.Client.Abstractions.csproj", "{82CE0EDE-9BAC-4DA8-ABC7-921D3A6B29FE}"
EndProject
Global
	GlobalSection(SolutionProperties) = preSolution
		HideSolutionNode = FALSE
	EndGlobalSection
	GlobalSection(NestedProjects) = preSolution
	EndGlobalSection
	GlobalSection(SolutionConfigurationPlatforms) = preSolution
		Debug|Any CPU = Debug|Any CPU
		Debug|x64 = Debug|x64
		Debug|x86 = Debug|x86
		Release|Any CPU = Release|Any CPU
		Release|x64 = Release|x64
		Release|x86 = Release|x86
	EndGlobalSection
	GlobalSection(ProjectConfigurationPlatforms) = postSolution
		{5F2BDDB1-5384-4DC8-82AD-D89D91F65C79}.Debug|Any CPU.ActiveCfg = Debug|Any CPU
		{5F2BDDB1-5384-4DC8-82AD-D89D91F65C79}.Debug|Any CPU.Build.0 = Debug|Any CPU
		{5F2BDDB1-5384-4DC8-82AD-D89D91F65C79}.Debug|x64.ActiveCfg = Debug|Any CPU
		{5F2BDDB1-5384-4DC8-82AD-D89D91F65C79}.Debug|x64.Build.0 = Debug|Any CPU
		{5F2BDDB1-5384-4DC8-82AD-D89D91F65C79}.Debug|x86.ActiveCfg = Debug|Any CPU
		{5F2BDDB1-5384-4DC8-82AD-D89D91F65C79}.Debug|x86.Build.0 = Debug|Any CPU
		{5F2BDDB1-5384-4DC8-82AD-D89D91F65C79}.Release|Any CPU.ActiveCfg = Release|Any CPU
		{5F2BDDB1-5384-4DC8-82AD-D89D91F65C79}.Release|Any CPU.Build.0 = Release|Any CPU
		{5F2BDDB1-5384-4DC8-82AD-D89D91F65C79}.Release|x64.ActiveCfg = Release|Any CPU
		{5F2BDDB1-5384-4DC8-82AD-D89D91F65C79}.Release|x64.Build.0 = Release|Any CPU
		{5F2BDDB1-5384-4DC8-82AD-D89D91F65C79}.Release|x86.ActiveCfg = Release|Any CPU
		{5F2BDDB1-5384-4DC8-82AD-D89D91F65C79}.Release|x86.Build.0 = Release|Any CPU
		{02E4517A-2F83-40E9-8F44-C76B260144F5}.Debug|Any CPU.ActiveCfg = Debug|Any CPU
		{02E4517A-2F83-40E9-8F44-C76B260144F5}.Debug|Any CPU.Build.0 = Debug|Any CPU
		{02E4517A-2F83-40E9-8F44-C76B260144F5}.Debug|x64.ActiveCfg = Debug|Any CPU
		{02E4517A-2F83-40E9-8F44-C76B260144F5}.Debug|x64.Build.0 = Debug|Any CPU
		{02E4517A-2F83-40E9-8F44-C76B260144F5}.Debug|x86.ActiveCfg = Debug|Any CPU
		{02E4517A-2F83-40E9-8F44-C76B260144F5}.Debug|x86.Build.0 = Debug|Any CPU
		{02E4517A-2F83-40E9-8F44-C76B260144F5}.Release|Any CPU.ActiveCfg = Release|Any CPU
		{02E4517A-2F83-40E9-8F44-C76B260144F5}.Release|Any CPU.Build.0 = Release|Any CPU
		{02E4517A-2F83-40E9-8F44-C76B260144F5}.Release|x64.ActiveCfg = Release|Any CPU
		{02E4517A-2F83-40E9-8F44-C76B260144F5}.Release|x64.Build.0 = Release|Any CPU
		{02E4517A-2F83-40E9-8F44-C76B260144F5}.Release|x86.ActiveCfg = Release|Any CPU
		{02E4517A-2F83-40E9-8F44-C76B260144F5}.Release|x86.Build.0 = Release|Any CPU
		{869C1C7A-DB1F-401F-AAFD-28B3215426A7}.Debug|Any CPU.ActiveCfg = Debug|Any CPU
		{869C1C7A-DB1F-401F-AAFD-28B3215426A7}.Debug|Any CPU.Build.0 = Debug|Any CPU
		{869C1C7A-DB1F-401F-AAFD-28B3215426A7}.Debug|x64.ActiveCfg = Debug|Any CPU
		{869C1C7A-DB1F-401F-AAFD-28B3215426A7}.Debug|x64.Build.0 = Debug|Any CPU
		{869C1C7A-DB1F-401F-AAFD-28B3215426A7}.Debug|x86.ActiveCfg = Debug|Any CPU
		{869C1C7A-DB1F-401F-AAFD-28B3215426A7}.Debug|x86.Build.0 = Debug|Any CPU
		{869C1C7A-DB1F-401F-AAFD-28B3215426A7}.Release|Any CPU.ActiveCfg = Release|Any CPU
		{869C1C7A-DB1F-401F-AAFD-28B3215426A7}.Release|Any CPU.Build.0 = Release|Any CPU
		{869C1C7A-DB1F-401F-AAFD-28B3215426A7}.Release|x64.ActiveCfg = Release|Any CPU
		{869C1C7A-DB1F-401F-AAFD-28B3215426A7}.Release|x64.Build.0 = Release|Any CPU
		{869C1C7A-DB1F-401F-AAFD-28B3215426A7}.Release|x86.ActiveCfg = Release|Any CPU
		{869C1C7A-DB1F-401F-AAFD-28B3215426A7}.Release|x86.Build.0 = Release|Any CPU
		{0303DD58-3360-4717-9B59-EC6C38A88623}.Debug|Any CPU.ActiveCfg = Debug|Any CPU
		{0303DD58-3360-4717-9B59-EC6C38A88623}.Debug|Any CPU.Build.0 = Debug|Any CPU
		{0303DD58-3360-4717-9B59-EC6C38A88623}.Debug|x64.ActiveCfg = Debug|Any CPU
		{0303DD58-3360-4717-9B59-EC6C38A88623}.Debug|x64.Build.0 = Debug|Any CPU
		{0303DD58-3360-4717-9B59-EC6C38A88623}.Debug|x86.ActiveCfg = Debug|Any CPU
		{0303DD58-3360-4717-9B59-EC6C38A88623}.Debug|x86.Build.0 = Debug|Any CPU
		{0303DD58-3360-4717-9B59-EC6C38A88623}.Release|Any CPU.ActiveCfg = Release|Any CPU
		{0303DD58-3360-4717-9B59-EC6C38A88623}.Release|Any CPU.Build.0 = Release|Any CPU
		{0303DD58-3360-4717-9B59-EC6C38A88623}.Release|x64.ActiveCfg = Release|Any CPU
		{0303DD58-3360-4717-9B59-EC6C38A88623}.Release|x64.Build.0 = Release|Any CPU
		{0303DD58-3360-4717-9B59-EC6C38A88623}.Release|x86.ActiveCfg = Release|Any CPU
		{0303DD58-3360-4717-9B59-EC6C38A88623}.Release|x86.Build.0 = Release|Any CPU
		{DB6A5B00-866F-4CAB-ADCF-7734D629D25B}.Debug|Any CPU.ActiveCfg = Debug|Any CPU
		{DB6A5B00-866F-4CAB-ADCF-7734D629D25B}.Debug|Any CPU.Build.0 = Debug|Any CPU
		{DB6A5B00-866F-4CAB-ADCF-7734D629D25B}.Debug|x64.ActiveCfg = Debug|Any CPU
		{DB6A5B00-866F-4CAB-ADCF-7734D629D25B}.Debug|x64.Build.0 = Debug|Any CPU
		{DB6A5B00-866F-4CAB-ADCF-7734D629D25B}.Debug|x86.ActiveCfg = Debug|Any CPU
		{DB6A5B00-866F-4CAB-ADCF-7734D629D25B}.Debug|x86.Build.0 = Debug|Any CPU
		{DB6A5B00-866F-4CAB-ADCF-7734D629D25B}.Release|Any CPU.ActiveCfg = Release|Any CPU
		{DB6A5B00-866F-4CAB-ADCF-7734D629D25B}.Release|Any CPU.Build.0 = Release|Any CPU
		{DB6A5B00-866F-4CAB-ADCF-7734D629D25B}.Release|x64.ActiveCfg = Release|Any CPU
		{DB6A5B00-866F-4CAB-ADCF-7734D629D25B}.Release|x64.Build.0 = Release|Any CPU
		{DB6A5B00-866F-4CAB-ADCF-7734D629D25B}.Release|x86.ActiveCfg = Release|Any CPU
		{DB6A5B00-866F-4CAB-ADCF-7734D629D25B}.Release|x86.Build.0 = Release|Any CPU
		{CBA0CA5C-FD36-4396-BBB3-002AA9D72CE0}.Debug|Any CPU.ActiveCfg = Debug|Any CPU
		{CBA0CA5C-FD36-4396-BBB3-002AA9D72CE0}.Debug|Any CPU.Build.0 = Debug|Any CPU
		{CBA0CA5C-FD36-4396-BBB3-002AA9D72CE0}.Debug|x64.ActiveCfg = Debug|Any CPU
		{CBA0CA5C-FD36-4396-BBB3-002AA9D72CE0}.Debug|x64.Build.0 = Debug|Any CPU
		{CBA0CA5C-FD36-4396-BBB3-002AA9D72CE0}.Debug|x86.ActiveCfg = Debug|Any CPU
		{CBA0CA5C-FD36-4396-BBB3-002AA9D72CE0}.Debug|x86.Build.0 = Debug|Any CPU
		{CBA0CA5C-FD36-4396-BBB3-002AA9D72CE0}.Release|Any CPU.ActiveCfg = Release|Any CPU
		{CBA0CA5C-FD36-4396-BBB3-002AA9D72CE0}.Release|Any CPU.Build.0 = Release|Any CPU
		{CBA0CA5C-FD36-4396-BBB3-002AA9D72CE0}.Release|x64.ActiveCfg = Release|Any CPU
		{CBA0CA5C-FD36-4396-BBB3-002AA9D72CE0}.Release|x64.Build.0 = Release|Any CPU
		{CBA0CA5C-FD36-4396-BBB3-002AA9D72CE0}.Release|x86.ActiveCfg = Release|Any CPU
		{CBA0CA5C-FD36-4396-BBB3-002AA9D72CE0}.Release|x86.Build.0 = Release|Any CPU
		{6AD7A68B-04C4-4430-B0DF-C4C2E9DAC4F1}.Debug|Any CPU.ActiveCfg = Debug|Any CPU
		{6AD7A68B-04C4-4430-B0DF-C4C2E9DAC4F1}.Debug|Any CPU.Build.0 = Debug|Any CPU
		{6AD7A68B-04C4-4430-B0DF-C4C2E9DAC4F1}.Debug|x64.ActiveCfg = Debug|Any CPU
		{6AD7A68B-04C4-4430-B0DF-C4C2E9DAC4F1}.Debug|x64.Build.0 = Debug|Any CPU
		{6AD7A68B-04C4-4430-B0DF-C4C2E9DAC4F1}.Debug|x86.ActiveCfg = Debug|Any CPU
		{6AD7A68B-04C4-4430-B0DF-C4C2E9DAC4F1}.Debug|x86.Build.0 = Debug|Any CPU
		{6AD7A68B-04C4-4430-B0DF-C4C2E9DAC4F1}.Release|Any CPU.ActiveCfg = Release|Any CPU
		{6AD7A68B-04C4-4430-B0DF-C4C2E9DAC4F1}.Release|Any CPU.Build.0 = Release|Any CPU
		{6AD7A68B-04C4-4430-B0DF-C4C2E9DAC4F1}.Release|x64.ActiveCfg = Release|Any CPU
		{6AD7A68B-04C4-4430-B0DF-C4C2E9DAC4F1}.Release|x64.Build.0 = Release|Any CPU
		{6AD7A68B-04C4-4430-B0DF-C4C2E9DAC4F1}.Release|x86.ActiveCfg = Release|Any CPU
		{6AD7A68B-04C4-4430-B0DF-C4C2E9DAC4F1}.Release|x86.Build.0 = Release|Any CPU
		{A3BF3C75-6FB6-45BC-8A3A-7034A7F6F103}.Debug|Any CPU.ActiveCfg = Debug|Any CPU
		{A3BF3C75-6FB6-45BC-8A3A-7034A7F6F103}.Debug|Any CPU.Build.0 = Debug|Any CPU
		{A3BF3C75-6FB6-45BC-8A3A-7034A7F6F103}.Debug|x64.ActiveCfg = Debug|Any CPU
		{A3BF3C75-6FB6-45BC-8A3A-7034A7F6F103}.Debug|x64.Build.0 = Debug|Any CPU
		{A3BF3C75-6FB6-45BC-8A3A-7034A7F6F103}.Debug|x86.ActiveCfg = Debug|Any CPU
		{A3BF3C75-6FB6-45BC-8A3A-7034A7F6F103}.Debug|x86.Build.0 = Debug|Any CPU
		{A3BF3C75-6FB6-45BC-8A3A-7034A7F6F103}.Release|Any CPU.ActiveCfg = Release|Any CPU
		{A3BF3C75-6FB6-45BC-8A3A-7034A7F6F103}.Release|Any CPU.Build.0 = Release|Any CPU
		{A3BF3C75-6FB6-45BC-8A3A-7034A7F6F103}.Release|x64.ActiveCfg = Release|Any CPU
		{A3BF3C75-6FB6-45BC-8A3A-7034A7F6F103}.Release|x64.Build.0 = Release|Any CPU
		{A3BF3C75-6FB6-45BC-8A3A-7034A7F6F103}.Release|x86.ActiveCfg = Release|Any CPU
		{A3BF3C75-6FB6-45BC-8A3A-7034A7F6F103}.Release|x86.Build.0 = Release|Any CPU
		{3749970D-2E37-4167-A444-382349FEB7D0}.Debug|Any CPU.ActiveCfg = Debug|Any CPU
		{3749970D-2E37-4167-A444-382349FEB7D0}.Debug|Any CPU.Build.0 = Debug|Any CPU
		{3749970D-2E37-4167-A444-382349FEB7D0}.Debug|x64.ActiveCfg = Debug|Any CPU
		{3749970D-2E37-4167-A444-382349FEB7D0}.Debug|x64.Build.0 = Debug|Any CPU
		{3749970D-2E37-4167-A444-382349FEB7D0}.Debug|x86.ActiveCfg = Debug|Any CPU
		{3749970D-2E37-4167-A444-382349FEB7D0}.Debug|x86.Build.0 = Debug|Any CPU
		{3749970D-2E37-4167-A444-382349FEB7D0}.Release|Any CPU.ActiveCfg = Release|Any CPU
		{3749970D-2E37-4167-A444-382349FEB7D0}.Release|Any CPU.Build.0 = Release|Any CPU
		{3749970D-2E37-4167-A444-382349FEB7D0}.Release|x64.ActiveCfg = Release|Any CPU
		{3749970D-2E37-4167-A444-382349FEB7D0}.Release|x64.Build.0 = Release|Any CPU
		{3749970D-2E37-4167-A444-382349FEB7D0}.Release|x86.ActiveCfg = Release|Any CPU
		{3749970D-2E37-4167-A444-382349FEB7D0}.Release|x86.Build.0 = Release|Any CPU
		{B2B41D6F-C745-45EA-BB46-EF9A3B1D5B54}.Debug|Any CPU.ActiveCfg = Debug|Any CPU
		{B2B41D6F-C745-45EA-BB46-EF9A3B1D5B54}.Debug|Any CPU.Build.0 = Debug|Any CPU
		{B2B41D6F-C745-45EA-BB46-EF9A3B1D5B54}.Debug|x64.ActiveCfg = Debug|Any CPU
		{B2B41D6F-C745-45EA-BB46-EF9A3B1D5B54}.Debug|x64.Build.0 = Debug|Any CPU
		{B2B41D6F-C745-45EA-BB46-EF9A3B1D5B54}.Debug|x86.ActiveCfg = Debug|Any CPU
		{B2B41D6F-C745-45EA-BB46-EF9A3B1D5B54}.Debug|x86.Build.0 = Debug|Any CPU
		{B2B41D6F-C745-45EA-BB46-EF9A3B1D5B54}.Release|Any CPU.ActiveCfg = Release|Any CPU
		{B2B41D6F-C745-45EA-BB46-EF9A3B1D5B54}.Release|Any CPU.Build.0 = Release|Any CPU
		{B2B41D6F-C745-45EA-BB46-EF9A3B1D5B54}.Release|x64.ActiveCfg = Release|Any CPU
		{B2B41D6F-C745-45EA-BB46-EF9A3B1D5B54}.Release|x64.Build.0 = Release|Any CPU
		{B2B41D6F-C745-45EA-BB46-EF9A3B1D5B54}.Release|x86.ActiveCfg = Release|Any CPU
		{B2B41D6F-C745-45EA-BB46-EF9A3B1D5B54}.Release|x86.Build.0 = Release|Any CPU
		{F1FC74DC-1E4A-4B9C-B4D1-5C093FBA0AA4}.Debug|Any CPU.ActiveCfg = Debug|Any CPU
		{F1FC74DC-1E4A-4B9C-B4D1-5C093FBA0AA4}.Debug|Any CPU.Build.0 = Debug|Any CPU
		{F1FC74DC-1E4A-4B9C-B4D1-5C093FBA0AA4}.Debug|x64.ActiveCfg = Debug|Any CPU
		{F1FC74DC-1E4A-4B9C-B4D1-5C093FBA0AA4}.Debug|x64.Build.0 = Debug|Any CPU
		{F1FC74DC-1E4A-4B9C-B4D1-5C093FBA0AA4}.Debug|x86.ActiveCfg = Debug|Any CPU
		{F1FC74DC-1E4A-4B9C-B4D1-5C093FBA0AA4}.Debug|x86.Build.0 = Debug|Any CPU
		{F1FC74DC-1E4A-4B9C-B4D1-5C093FBA0AA4}.Release|Any CPU.ActiveCfg = Release|Any CPU
		{F1FC74DC-1E4A-4B9C-B4D1-5C093FBA0AA4}.Release|Any CPU.Build.0 = Release|Any CPU
		{F1FC74DC-1E4A-4B9C-B4D1-5C093FBA0AA4}.Release|x64.ActiveCfg = Release|Any CPU
		{F1FC74DC-1E4A-4B9C-B4D1-5C093FBA0AA4}.Release|x64.Build.0 = Release|Any CPU
		{F1FC74DC-1E4A-4B9C-B4D1-5C093FBA0AA4}.Release|x86.ActiveCfg = Release|Any CPU
		{F1FC74DC-1E4A-4B9C-B4D1-5C093FBA0AA4}.Release|x86.Build.0 = Release|Any CPU
		{5325D193-BB58-44F3-BAA9-9C89A25B286E}.Debug|Any CPU.ActiveCfg = Debug|Any CPU
		{5325D193-BB58-44F3-BAA9-9C89A25B286E}.Debug|Any CPU.Build.0 = Debug|Any CPU
		{5325D193-BB58-44F3-BAA9-9C89A25B286E}.Debug|x64.ActiveCfg = Debug|Any CPU
		{5325D193-BB58-44F3-BAA9-9C89A25B286E}.Debug|x64.Build.0 = Debug|Any CPU
		{5325D193-BB58-44F3-BAA9-9C89A25B286E}.Debug|x86.ActiveCfg = Debug|Any CPU
		{5325D193-BB58-44F3-BAA9-9C89A25B286E}.Debug|x86.Build.0 = Debug|Any CPU
		{5325D193-BB58-44F3-BAA9-9C89A25B286E}.Release|Any CPU.ActiveCfg = Release|Any CPU
		{5325D193-BB58-44F3-BAA9-9C89A25B286E}.Release|Any CPU.Build.0 = Release|Any CPU
		{5325D193-BB58-44F3-BAA9-9C89A25B286E}.Release|x64.ActiveCfg = Release|Any CPU
		{5325D193-BB58-44F3-BAA9-9C89A25B286E}.Release|x64.Build.0 = Release|Any CPU
		{5325D193-BB58-44F3-BAA9-9C89A25B286E}.Release|x86.ActiveCfg = Release|Any CPU
		{5325D193-BB58-44F3-BAA9-9C89A25B286E}.Release|x86.Build.0 = Release|Any CPU
		{82CE0EDE-9BAC-4DA8-ABC7-921D3A6B29FE}.Debug|Any CPU.ActiveCfg = Debug|Any CPU
		{82CE0EDE-9BAC-4DA8-ABC7-921D3A6B29FE}.Debug|Any CPU.Build.0 = Debug|Any CPU
		{82CE0EDE-9BAC-4DA8-ABC7-921D3A6B29FE}.Debug|x64.ActiveCfg = Debug|Any CPU
		{82CE0EDE-9BAC-4DA8-ABC7-921D3A6B29FE}.Debug|x64.Build.0 = Debug|Any CPU
		{82CE0EDE-9BAC-4DA8-ABC7-921D3A6B29FE}.Debug|x86.ActiveCfg = Debug|Any CPU
		{82CE0EDE-9BAC-4DA8-ABC7-921D3A6B29FE}.Debug|x86.Build.0 = Debug|Any CPU
		{82CE0EDE-9BAC-4DA8-ABC7-921D3A6B29FE}.Release|Any CPU.ActiveCfg = Release|Any CPU
		{82CE0EDE-9BAC-4DA8-ABC7-921D3A6B29FE}.Release|Any CPU.Build.0 = Release|Any CPU
		{82CE0EDE-9BAC-4DA8-ABC7-921D3A6B29FE}.Release|x64.ActiveCfg = Release|Any CPU
		{82CE0EDE-9BAC-4DA8-ABC7-921D3A6B29FE}.Release|x64.Build.0 = Release|Any CPU
		{82CE0EDE-9BAC-4DA8-ABC7-921D3A6B29FE}.Release|x86.ActiveCfg = Release|Any CPU
		{82CE0EDE-9BAC-4DA8-ABC7-921D3A6B29FE}.Release|x86.Build.0 = Release|Any CPU
	EndGlobalSection
EndGlobal
